
Microsoft Visual Studio Solution File, Format Version 12.00
# Visual Studio Version 17
VisualStudioVersion = 17.2.32616.157
MinimumVisualStudioVersion = 10.0.40219.1
Project("{FAE04EC0-301F-11D3-BF4B-00C04F79EFBC}") = "Vehicles", "Vehicles.csproj", "{962A442B-FDAE-4DC7-BD26-2849423C7FB7}"
EndProject
Global
	GlobalSection(SolutionConfigurationPlatforms) = preSolution
		Debug|Any CPU = Debug|Any CPU
		Release|Any CPU = Release|Any CPU
	EndGlobalSection
	GlobalSection(ProjectConfigurationPlatforms) = postSolution
		{962A442B-FDAE-4DC7-BD26-2849423C7FB7}.Debug|Any CPU.ActiveCfg = Debug|Any CPU
		{962A442B-FDAE-4DC7-BD26-2849423C7FB7}.Debug|Any CPU.Build.0 = Debug|Any CPU
		{962A442B-FDAE-4DC7-BD26-2849423C7FB7}.Release|Any CPU.ActiveCfg = Release|Any CPU
		{962A442B-FDAE-4DC7-BD26-2849423C7FB7}.Release|Any CPU.Build.0 = Release|Any CPU
	EndGlobalSection
	GlobalSection(SolutionProperties) = preSolution
		HideSolutionNode = FALSE
	EndGlobalSection
	GlobalSection(ExtensibilityGlobals) = postSolution
		SolutionGuid = {6CC8666C-813F-4A31-9377-5BA6ECABC623}
	EndGlobalSection
EndGlobal
